lockfileVersion: 5.3

specifiers:
  '@hapi/boom': ^9.1.4
  '@hapi/call': ^8.0.1
  '@rush-temp/hero-of-time-link': file:./projects/hero-of-time-link.tgz
  '@rush-temp/hugo-media-proxy': file:./projects/hugo-media-proxy.tgz
  '@rush-temp/hugo-proxy': file:./projects/hugo-proxy.tgz
  '@rush-temp/nchlswhttkr-dot-com': file:./projects/nchlswhttkr-dot-com.tgz
  '@rush-temp/newsletter-subscription-form': file:./projects/newsletter-subscription-form.tgz
  '@rush-temp/terraform-registry': file:./projects/terraform-registry.tgz
  prettier: ^2.1.2

dependencies:
  '@hapi/boom': 9.1.4
  '@hapi/call': 8.0.1
  '@rush-temp/hero-of-time-link': file:projects/hero-of-time-link.tgz
  '@rush-temp/hugo-media-proxy': file:projects/hugo-media-proxy.tgz
  '@rush-temp/hugo-proxy': file:projects/hugo-proxy.tgz
  '@rush-temp/nchlswhttkr-dot-com': file:projects/nchlswhttkr-dot-com.tgz
  '@rush-temp/newsletter-subscription-form': file:projects/newsletter-subscription-form.tgz
  '@rush-temp/terraform-registry': file:projects/terraform-registry.tgz
  prettier: 2.3.2

packages:

  /@hapi/boom/9.1.4:
    resolution: {integrity: sha512-Ls1oH8jaN1vNsqcaHVYJrKmgMcKsC1wcp8bujvXrHaAqD2iDYq3HoOwsxwo09Cuda5R5nC0o0IxlrlTuvPuzSw==}
    dependencies:
      '@hapi/hoek': 9.2.0
    dev: false

  /@hapi/call/8.0.1:
    resolution: {integrity: sha512-bOff6GTdOnoe5b8oXRV3lwkQSb/LAWylvDMae6RgEWWntd0SHtkYbQukDHKlfaYtVnSAgIavJ0kqszF/AIBb6g==}
    dependencies:
      '@hapi/boom': 9.1.4
      '@hapi/hoek': 9.2.0
    dev: false

  /@hapi/hoek/9.2.0:
    resolution: {integrity: sha512-sqKVVVOe5ivCaXDWivIJYVSaEgdQK9ul7a4Kity5Iw7u9+wBAPbX1RMSnLLmp7O4Vzj0WOWwMAJsTL00xwaNug==}
    dev: false

  /prettier/2.3.2:
    resolution: {integrity: sha512-lnJzDfJ66zkMy58OL5/NY5zp70S7Nz6KqcKkXYzn2tMVrNxvbqaBpg7H3qHaLxCJ5lNMsGuM8+ohS7cZrthdLQ==}
    engines: {node: '>=10.13.0'}
    hasBin: true
    dev: false

  file:projects/hero-of-time-link.tgz:
    resolution: {integrity: sha512-KS2F4XS0mZXzWc80Q9FKETlNZxdH/r53Bcl8d1yQXZzJCcbSncOZgdejtRz3r25jxGqKbtmMhGextgNj+25VyQ==, tarball: file:projects/hero-of-time-link.tgz}
    name: '@rush-temp/hero-of-time-link'
    version: 0.0.0
    dependencies:
      prettier: 2.3.2
    dev: false

  file:projects/hugo-media-proxy.tgz:
    resolution: {integrity: sha512-Bco3BG4vLvLVQ+By/onxRkod62JQrvbqi+Bvfjoka3fDoODNhJS1moxNfNbT7eR5IIQFCRtUMNp/C2uwqewwUw==, tarball: file:projects/hugo-media-proxy.tgz}
    name: '@rush-temp/hugo-media-proxy'
    version: 0.0.0
    dependencies:
      prettier: 2.3.2
    dev: false

  file:projects/hugo-proxy.tgz:
    resolution: {integrity: sha512-K6zkuZGkf2OeYlHE0CGXJ/UZaXKsz9YaqgiLYonvqxd2gB43b+bZVICINkXZTbfhUBxevLuBZXW7ivvUs0tjPQ==, tarball: file:projects/hugo-proxy.tgz}
    name: '@rush-temp/hugo-proxy'
    version: 0.0.0
    dependencies:
      prettier: 2.3.2
    dev: false

  file:projects/nchlswhttkr-dot-com.tgz:
    resolution: {integrity: sha512-xBxuaABnMq2ZzgJQ1TELNAbV7mmUywKHZzWcC0iUhjnUQambXroxJeqDqqvwImHoE7ozCgIFOjcPmOKcXUFapw==, tarball: file:projects/nchlswhttkr-dot-com.tgz}
    name: '@rush-temp/nchlswhttkr-dot-com'
    version: 0.0.0
    dependencies:
      prettier: 2.3.2
    dev: false

  file:projects/newsletter-subscription-form.tgz:
    resolution: {integrity: sha512-eElyfKX3d+mdueiqZ2vn/F+H0z+W6v38P0KqtsQNlhl4cvymcPOtrpYiahFB1d43EMd2UxWQFkfRnqjYM8S6yg==, tarball: file:projects/newsletter-subscription-form.tgz}
    name: '@rush-temp/newsletter-subscription-form'
    version: 0.0.0
    dependencies:
      prettier: 2.3.2
    dev: false

  file:projects/terraform-registry.tgz:
    resolution: {integrity: sha512-0qaQiG9Dw/A97ta2lNMtA6Haf0eXbN3Sxm9PbJ/Etr6TL5loca5vWXQsdtinll1b35HSlAfCszcVRufl9SPhJQ==, tarball: file:projects/terraform-registry.tgz}
    name: '@rush-temp/terraform-registry'
    version: 0.0.0
    dependencies:
      '@hapi/boom': 9.1.4
      '@hapi/call': 8.0.1
      prettier: 2.3.2
    dev: false
